
Microsoft Visual Studio Solution File, Format Version 12.00
# Visual Studio Version 17
VisualStudioVersion = 17.13.35828.75 d17.13
MinimumVisualStudioVersion = 10.0.40219.1
Project("{8BC9CEB8-8B4A-11D0-8D11-00A0C91BC942}") = "WindowsCopilotRuntimeSample", "WindowsCopilotRuntimeSample.vcxproj", "{5E654A77-3CDC-48C0-922F-385330D87188}"
EndProject
Global
	GlobalSection(SolutionConfigurationPlatforms) = preSolution
		Debug|ARM64 = Debug|ARM64
		Debug|x64 = Debug|x64
		Debug|x86 = Debug|x86
		Release|ARM64 = Release|ARM64
		Release|x64 = Release|x64
		Release|x86 = Release|x86
	EndGlobalSection
	GlobalSection(ProjectConfigurationPlatforms) = postSolution
		{5E654A77-3CDC-48C0-922F-385330D87188}.Debug|ARM64.ActiveCfg = Debug|ARM64
		{5E654A77-3CDC-48C0-922F-385330D87188}.Debug|ARM64.Build.0 = Debug|ARM64
		{5E654A77-3CDC-48C0-922F-385330D87188}.Debug|ARM64.Deploy.0 = Debug|ARM64
		{5E654A77-3CDC-48C0-922F-385330D87188}.Debug|x64.ActiveCfg = Debug|x64
		{5E654A77-3CDC-48C0-922F-385330D87188}.Debug|x64.Build.0 = Debug|x64
		{5E654A77-3CDC-48C0-922F-385330D87188}.Debug|x64.Deploy.0 = Debug|x64
		{5E654A77-3CDC-48C0-922F-385330D87188}.Debug|x86.ActiveCfg = Debug|Win32
		{5E654A77-3CDC-48C0-922F-385330D87188}.Debug|x86.Build.0 = Debug|Win32
		{5E654A77-3CDC-48C0-922F-385330D87188}.Debug|x86.Deploy.0 = Debug|Win32
		{5E654A77-3CDC-48C0-922F-385330D87188}.Release|ARM64.ActiveCfg = Release|ARM64
		{5E654A77-3CDC-48C0-922F-385330D87188}.Release|ARM64.Build.0 = Release|ARM64
		{5E654A77-3CDC-48C0-922F-385330D87188}.Release|ARM64.Deploy.0 = Release|ARM64
		{5E654A77-3CDC-48C0-922F-385330D87188}.Release|x64.ActiveCfg = Release|x64
		{5E654A77-3CDC-48C0-922F-385330D87188}.Release|x64.Build.0 = Release|x64
		{5E654A77-3CDC-48C0-922F-385330D87188}.Release|x64.Deploy.0 = Release|x64
		{5E654A77-3CDC-48C0-922F-385330D87188}.Release|x86.ActiveCfg = Release|Win32
		{5E654A77-3CDC-48C0-922F-385330D87188}.Release|x86.Build.0 = Release|Win32
		{5E654A77-3CDC-48C0-922F-385330D87188}.Release|x86.Deploy.0 = Release|Win32
	EndGlobalSection
	GlobalSection(SolutionProperties) = preSolution
		HideSolutionNode = FALSE
	EndGlobalSection
	GlobalSection(ExtensibilityGlobals) = postSolution
		SolutionGuid = {BE66A059-FDB1-41C9-9BA2-E1825F762A1A}
	EndGlobalSection
EndGlobal
